
Microsoft Visual Studio Solution File, Format Version 12.00
# Visual Studio Version 17
VisualStudioVersion = 17.6.33717.318
MinimumVisualStudioVersion = 10.0.40219.1
Project("{8BC9CEB8-8B4A-11D0-8D11-00A0C91BC942}") = "Max_EORTree", "Max_EORTree.vcxproj", "{93759C95-5A2F-4A2E-AF8F-1FE90B58016F}"
EndProject
Global
	GlobalSection(SolutionConfigurationPlatforms) = preSolution
		Debug|x64 = Debug|x64
		Debug|x86 = Debug|x86
		Release|x64 = Release|x64
		Release|x86 = Release|x86
	EndGlobalSection
	GlobalSection(ProjectConfigurationPlatforms) = postSolution
		{93759C95-5A2F-4A2E-AF8F-1FE90B58016F}.Debug|x64.ActiveCfg = Debug|x64
		{93759C95-5A2F-4A2E-AF8F-1FE90B58016F}.Debug|x64.Build.0 = Debug|x64
		{93759C95-5A2F-4A2E-AF8F-1FE90B58016F}.Debug|x86.ActiveCfg = Debug|Win32
		{93759C95-5A2F-4A2E-AF8F-1FE90B58016F}.Debug|x86.Build.0 = Debug|Win32
		{93759C95-5A2F-4A2E-AF8F-1FE90B58016F}.Release|x64.ActiveCfg = Release|x64
		{93759C95-5A2F-4A2E-AF8F-1FE90B58016F}.Release|x64.Build.0 = Release|x64
		{93759C95-5A2F-4A2E-AF8F-1FE90B58016F}.Release|x86.ActiveCfg = Release|Win32
		{93759C95-5A2F-4A2E-AF8F-1FE90B58016F}.Release|x86.Build.0 = Release|Win32
	EndGlobalSection
	GlobalSection(SolutionProperties) = preSolution
		HideSolutionNode = FALSE
	EndGlobalSection
	GlobalSection(ExtensibilityGlobals) = postSolution
		SolutionGuid = {EDAD9E99-CC47-416A-A859-FD0075EDF8B3}
	EndGlobalSection
EndGlobal
